
Microsoft Visual Studio Solution File, Format Version 12.00
# Visual Studio 14
VisualStudioVersion = 14.0.25123.0
MinimumVisualStudioVersion = 10.0.40219.1
Project("{2150E333-8FDC-42A3-9474-1A3956D46DE8}") = "src", "src", "{4F36694A-8296-4496-A2A6-B72DF84861B5}"
EndProject
Project("{2150E333-8FDC-42A3-9474-1A3956D46DE8}") = "Solution Items", "Solution Items", "{1CCA368E-29E1-4E39-B779-B585564FA9A6}"
	ProjectSection(SolutionItems) = preProject
		global.json = global.json
	EndProjectSection
EndProject
Project("{8BB2217D-0F2D-49D1-97BC-3654ED321F3B}") = "Resume", "src\Resume\Resume.xproj", "{A4DB5403-E68A-4102-9DD6-32FDA42B6DE6}"
EndProject
Global
	GlobalSection(SolutionConfigurationPlatforms) = preSolution
		Debug|Any CPU = Debug|Any CPU
		Release|Any CPU = Release|Any CPU
	EndGlobalSection
	GlobalSection(ProjectConfigurationPlatforms) = postSolution
		{A4DB5403-E68A-4102-9DD6-32FDA42B6DE6}.Debug|Any CPU.ActiveCfg = Debug|Any CPU
		{A4DB5403-E68A-4102-9DD6-32FDA42B6DE6}.Debug|Any CPU.Build.0 = Debug|Any CPU
		{A4DB5403-E68A-4102-9DD6-32FDA42B6DE6}.Release|Any CPU.ActiveCfg = Release|Any CPU
		{A4DB5403-E68A-4102-9DD6-32FDA42B6DE6}.Release|Any CPU.Build.0 = Release|Any CPU
	EndGlobalSection
	GlobalSection(SolutionProperties) = preSolution
		HideSolutionNode = FALSE
	EndGlobalSection
	GlobalSection(NestedProjects) = preSolution
		{A4DB5403-E68A-4102-9DD6-32FDA42B6DE6} = {4F36694A-8296-4496-A2A6-B72DF84861B5}
	EndGlobalSection
EndGlobal
